// !$*UTF8*$!
{
	archiveVersion = 1;
	classes = {
	};
	objectVersion = 50;
	objects = {

/* Begin PBXBuildFile section */
		5D162089741719E5BAE92D66 /* Pods_PyTextATIS.framework in Frameworks */ = {isa = PBXBuildFile; fileRef = 51D2593D63AD3C195F28C83B /* Pods_PyTextATIS.framework */; };
		A78AEBCD21BCAC2D001284AB /* Message.swift in Sources */ = {isa = PBXBuildFile; fileRef = A78AEBCC21BCAC2D001284AB /* Message.swift */; };
		A7E5997521BCA8C800007A44 /* AppDelegate.swift in Sources */ = {isa = PBXBuildFile; fileRef = A7E5997421BCA8C800007A44 /* AppDelegate.swift */; };
		A7E5997721BCA8C800007A44 /* ViewController.swift in Sources */ = {isa = PBXBuildFile; fileRef = A7E5997621BCA8C800007A44 /* ViewController.swift */; };
		A7E5997A21BCA8C800007A44 /* Main.storyboard in Resources */ = {isa = PBXBuildFile; fileRef = A7E5997821BCA8C800007A44 /* Main.storyboard */; };
		A7E5997C21BCA8C900007A44 /* Assets.xcassets in Resources */ = {isa = PBXBuildFile; fileRef = A7E5997B21BCA8C900007A44 /* Assets.xcassets */; };
		A7E5997F21BCA8C900007A44 /* LaunchScreen.storyboard in Resources */ = {isa = PBXBuildFile; fileRef = A7E5997D21BCA8C900007A44 /* LaunchScreen.storyboard */; };
/* End PBXBuildFile section */

/* Begin PBXFileReference section */
		51D2593D63AD3C195F28C83B /* Pods_PyTextATIS.framework */ = {isa = PBXFileReference; explicitFileType = wrapper.framework; includeInIndex = 0; path = Pods_PyTextATIS.framework; sourceTree = BUILT_PRODUCTS_DIR; };
		834340BEA38BD691C27A9900 /* Pods-PyTextATIS.release.xcconfig */ = {isa = PBXFileReference; includeInIndex = 1; lastKnownFileType = text.xcconfig; name = "Pods-PyTextATIS.release.xcconfig"; path = "Pods/Target Support Files/Pods-PyTextATIS/Pods-PyTextATIS.release.xcconfig"; sourceTree = "<group>"; };
		A78AEBCC21BCAC2D001284AB /* Message.swift */ = {isa = PBXFileReference; lastKnownFileType = sourcecode.swift; path = Message.swift; sourceTree = "<group>"; };
		A7E5997121BCA8C800007A44 /* PyTextATIS.app */ = {isa = PBXFileReference; explicitFileType = wrapper.application; includeInIndex = 0; path = PyTextATIS.app; sourceTree = BUILT_PRODUCTS_DIR; };
		A7E5997421BCA8C800007A44 /* AppDelegate.swift */ = {isa = PBXFileReference; lastKnownFileType = sourcecode.swift; path = AppDelegate.swift; sourceTree = "<group>"; };
		A7E5997621BCA8C800007A44 /* ViewController.swift */ = {isa = PBXFileReference; lastKnownFileType = sourcecode.swift; path = ViewController.swift; sourceTree = "<group>"; };
		A7E5997921BCA8C800007A44 /* Base */ = {isa = PBXFileReference; lastKnownFileType = file.storyboard; name = Base; path = Base.lproj/Main.storyboard; sourceTree = "<group>"; };
		A7E5997B21BCA8C900007A44 /* Assets.xcassets */ = {isa = PBXFileReference; lastKnownFileType = folder.assetcatalog; path = Assets.xcassets; sourceTree = "<group>"; };
		A7E5997E21BCA8C900007A44 /* Base */ = {isa = PBXFileReference; lastKnownFileType = file.storyboard; name = Base; path = Base.lproj/LaunchScreen.storyboard; sourceTree = "<group>"; };
		A7E5998021BCA8C900007A44 /* Info.plist */ = {isa = PBXFileReference; lastKnownFileType = text.plist.xml; path = Info.plist; sourceTree = "<group>"; };
		AB93A555582CCF99A2D36772 /* Pods-PyTextATIS.debug.xcconfig */ = {isa = PBXFileReference; includeInIndex = 1; lastKnownFileType = text.xcconfig; name = "Pods-PyTextATIS.debug.xcconfig"; path = "Pods/Target Support Files/Pods-PyTextATIS/Pods-PyTextATIS.debug.xcconfig"; sourceTree = "<group>"; };
/* End PBXFileReference section */

/* Begin PBXFrameworksBuildPhase section */
		A7E5996E21BCA8C800007A44 /* Frameworks */ = {
			isa = PBXFrameworksBuildPhase;
			buildActionMask = 2147483647;
			files = (
				5D162089741719E5BAE92D66 /* Pods_PyTextATIS.framework in Frameworks */,
			);
			runOnlyForDeploymentPostprocessing = 0;
		};
/* End PBXFrameworksBuildPhase section */

/* Begin PBXGroup section */
		09701A231237AF461B0E8BE8 /* Frameworks */ = {
			isa = PBXGroup;
			children = (
				51D2593D63AD3C195F28C83B /* Pods_PyTextATIS.framework */,
			);
			name = Frameworks;
			sourceTree = "<group>";
		};
		7FCB3CC856A442D74B497930 /* Pods */ = {
			isa = PBXGroup;
			children = (
				AB93A555582CCF99A2D36772 /* Pods-PyTextATIS.debug.xcconfig */,
				834340BEA38BD691C27A9900 /* Pods-PyTextATIS.release.xcconfig */,
			);
			name = Pods;
			sourceTree = "<group>";
		};
		A7E5996821BCA8C800007A44 = {
			isa = PBXGroup;
			children = (
				A7E5997321BCA8C800007A44 /* PyTextATIS */,
				A7E5997221BCA8C800007A44 /* Products */,
				7FCB3CC856A442D74B497930 /* Pods */,
				09701A231237AF461B0E8BE8 /* Frameworks */,
			);
			sourceTree = "<group>";
		};
		A7E5997221BCA8C800007A44 /* Products */ = {
			isa = PBXGroup;
			children = (
				A7E5997121BCA8C800007A44 /* PyTextATIS.app */,
			);
			name = Products;
			sourceTree = "<group>";
		};
		A7E5997321BCA8C800007A44 /* PyTextATIS */ = {
			isa = PBXGroup;
			children = (
				A7E5997421BCA8C800007A44 /* AppDelegate.swift */,
				A7E5997621BCA8C800007A44 /* ViewController.swift */,
				A78AEBCC21BCAC2D001284AB /* Message.swift */,
				A7E5997821BCA8C800007A44 /* Main.storyboard */,
				A7E5997B21BCA8C900007A44 /* Assets.xcassets */,
				A7E5997D21BCA8C900007A44 /* LaunchScreen.storyboard */,
				A7E5998021BCA8C900007A44 /* Info.plist */,
			);
			path = PyTextATIS;
			sourceTree = "<group>";
		};
/* End PBXGroup section */

/* Begin PBXNativeTarget section */
		A7E5997021BCA8C800007A44 /* PyTextATIS */ = {
			isa = PBXNativeTarget;
			buildConfigurationList = A7E5998321BCA8C900007A44 /* Build configuration list for PBXNativeTarget "PyTextATIS" */;
			buildPhases = (
				D5D891BA8ECF74DA5AFAAD44 /* [CP] Check Pods Manifest.lock */,
				A7E5996D21BCA8C800007A44 /* Sources */,
				A7E5996E21BCA8C800007A44 /* Frameworks */,
				A7E5996F21BCA8C800007A44 /* Resources */,
				4099073EA7AE520EBD73B655 /* [CP] Embed Pods Frameworks */,
			);
			buildRules = (
			);
			dependencies = (
			);
			name = PyTextATIS;
			productName = PyTextATIS;
			productReference = A7E5997121BCA8C800007A44 /* PyTextATIS.app */;
			productType = "com.apple.product-type.application";
		};
/* End PBXNativeTarget section */

/* Begin PBXProject section */
		A7E5996921BCA8C800007A44 /* Project object */ = {
			isa = PBXProject;
			attributes = {
				LastSwiftUpdateCheck = 1010;
				LastUpgradeCheck = 1010;
				ORGANIZATIONNAME = PyText;
				TargetAttributes = {
					A7E5997021BCA8C800007A44 = {
						CreatedOnToolsVersion = 10.1;
					};
				};
			};
			buildConfigurationList = A7E5996C21BCA8C800007A44 /* Build configuration list for PBXProject "PyTextATIS" */;
			compatibilityVersion = "Xcode 9.3";
			developmentRegion = en;
			hasScannedForEncodings = 0;
			knownRegions = (
				en,
				Base,
			);
			mainGroup = A7E5996821BCA8C800007A44;
			productRefGroup = A7E5997221BCA8C800007A44 /* Products */;
			projectDirPath = "";
			projectRoot = "";
			targets = (
				A7E5997021BCA8C800007A44 /* PyTextATIS */,
			);
		};
/* End PBXProject section */

/* Begin PBXResourcesBuildPhase section */
		A7E5996F21BCA8C800007A44 /* Resources */ = {
			isa = PBXResourcesBuildPhase;
			buildActionMask = 2147483647;
			files = (
				A7E5997F21BCA8C900007A44 /* LaunchScreen.storyboard in Resources */,
				A7E5997C21BCA8C900007A44 /* Assets.xcassets in Resources */,
				A7E5997A21BCA8C800007A44 /* Main.storyboard in Resources */,
			);
			runOnlyForDeploymentPostprocessing = 0;
		};
/* End PBXResourcesBuildPhase section */

/* Begin PBXShellScriptBuildPhase section */
		4099073EA7AE520EBD73B655 /* [CP] Embed Pods Frameworks */ = {
			isa = PBXShellScriptBuildPhase;
			buildActionMask = 2147483647;
			files = (
			);
			inputFileListPaths = (
			);
			inputPaths = (
				"${SRCROOT}/Pods/Target Support Files/Pods-PyTextATIS/Pods-PyTextATIS-frameworks.sh",
				"${BUILT_PRODUCTS_DIR}/Alamofire/Alamofire.framework",
				"${BUILT_PRODUCTS_DIR}/MessageInputBar/MessageInputBar.framework",
				"${BUILT_PRODUCTS_DIR}/MessageKit/MessageKit.framework",
				"${BUILT_PRODUCTS_DIR}/SwiftyJSON/SwiftyJSON.framework",
			);
			name = "[CP] Embed Pods Frameworks";
			outputFileListPaths = (
			);
			outputPaths = (
				"${TARGET_BUILD_DIR}/${FRAMEWORKS_FOLDER_PATH}/Alamofire.framework",
				"${TARGET_BUILD_DIR}/${FRAMEWORKS_FOLDER_PATH}/MessageInputBar.framework",
				"${TARGET_BUILD_DIR}/${FRAMEWORKS_FOLDER_PATH}/MessageKit.framework",
				"${TARGET_BUILD_DIR}/${FRAMEWORKS_FOLDER_PATH}/SwiftyJSON.framework",
			);
			runOnlyForDeploymentPostprocessing = 0;
			shellPath = /bin/sh;
			shellScript = "\"${SRCROOT}/Pods/Target Support Files/Pods-PyTextATIS/Pods-PyTextATIS-frameworks.sh\"\n";
			showEnvVarsInLog = 0;
		};
		D5D891BA8ECF74DA5AFAAD44 /* [CP] Check Pods Manifest.lock */ = {
			isa = PBXShellScriptBuildPhase;
			buildActionMask = 2147483647;
			files = (
			);
			inputFileListPaths = (
			);
			inputPaths = (
				"${PODS_PODFILE_DIR_PATH}/Podfile.lock",
				"${PODS_ROOT}/Manifest.lock",
			);
			name = "[CP] Check Pods Manifest.lock";
			outputFileListPaths = (
			);
			outputPaths = (
				"$(DERIVED_FILE_DIR)/Pods-PyTextATIS-checkManifestLockResult.txt",
			);
			runOnlyForDeploymentPostprocessing = 0;
			shellPath = /bin/sh;
			shellScript = "diff \"${PODS_PODFILE_DIR_PATH}/Podfile.lock\" \"${PODS_ROOT}/Manifest.lock\" > /dev/null\nif [ $? != 0 ] ; then\n    # print error to STDERR\n    echo \"error: The sandbox is not in sync with the Podfile.lock. Run 'pod install' or update your CocoaPods installation.\" >&2\n    exit 1\nfi\n# This output is used by Xcode 'outputs' to avoid re-running this script phase.\necho \"SUCCESS\" > \"${SCRIPT_OUTPUT_FILE_0}\"\n";
			showEnvVarsInLog = 0;
		};
/* End PBXShellScriptBuildPhase section */

/* Begin PBXSourcesBuildPhase section */
		A7E5996D21BCA8C800007A44 /* Sources */ = {
			isa = PBXSourcesBuildPhase;
			buildActionMask = 2147483647;
			files = (
				A78AEBCD21BCAC2D001284AB /* Message.swift in Sources */,
				A7E5997721BCA8C800007A44 /* ViewController.swift in Sources */,
				A7E5997521BCA8C800007A44 /* AppDelegate.swift in Sources */,
			);
			runOnlyForDeploymentPostprocessing = 0;
		};
/* End PBXSourcesBuildPhase section */

/* Begin PBXVariantGroup section */
		A7E5997821BCA8C800007A44 /* Main.storyboard */ = {
			isa = PBXVariantGroup;
			children = (
				A7E5997921BCA8C800007A44 /* Base */,
			);
			name = Main.storyboard;
			sourceTree = "<group>";
		};
		A7E5997D21BCA8C900007A44 /* LaunchScreen.storyboard */ = {
			isa = PBXVariantGroup;
			children = (
				A7E5997E21BCA8C900007A44 /* Base */,
			);
			name = LaunchScreen.storyboard;
			sourceTree = "<group>";
		};
/* End PBXVariantGroup section */

/* Begin XCBuildConfiguration section */
		A7E5998121BCA8C900007A44 /* Debug */ = {
			isa = XCBuildConfiguration;
			buildSettings = {
				ALWAYS_SEARCH_USER_PATHS = NO;
				CLANG_ANALYZER_NONNULL = YES;
				CLANG_ANALYZER_NUMBER_OBJECT_CONVERSION = YES_AGGRESSIVE;
				CLANG_CXX_LANGUAGE_STANDARD = "gnu++14";
				CLANG_CXX_LIBRARY = "libc++";
				CLANG_ENABLE_MODULES = YES;
				CLANG_ENABLE_OBJC_ARC = YES;
				CLANG_ENABLE_OBJC_WEAK = YES;
				CLANG_WARN_BLOCK_CAPTURE_AUTORELEASING = YES;
				CLANG_WARN_BOOL_CONVERSION = YES;
				CLANG_WARN_COMMA = YES;
				CLANG_WARN_CONSTANT_CONVERSION = YES;
				CLANG_WARN_DEPRECATED_OBJC_IMPLEMENTATIONS = YES;
				CLANG_WARN_DIRECT_OBJC_ISA_USAGE = YES_ERROR;
				CLANG_WARN_DOCUMENTATION_COMMENTS = YES;
				CLANG_WARN_EMPTY_BODY = YES;
				CLANG_WARN_ENUM_CONVERSION = YES;
				CLANG_WARN_INFINITE_RECURSION = YES;
				CLANG_WARN_INT_CONVERSION = YES;
				CLANG_WARN_NON_LITERAL_NULL_CONVERSION = YES;
				CLANG_WARN_OBJC_IMPLICIT_RETAIN_SELF = YES;
				CLANG_WARN_OBJC_LITERAL_CONVERSION = YES;
				CLANG_WARN_OBJC_ROOT_CLASS = YES_ERROR;
				CLANG_WARN_RANGE_LOOP_ANALYSIS = YES;
				CLANG_WARN_STRICT_PROTOTYPES = YES;
				CLANG_WARN_SUSPICIOUS_MOVE = YES;
				CLANG_WARN_UNGUARDED_AVAILABILITY = YES_AGGRESSIVE;
				CLANG_WARN_UNREACHABLE_CODE = YES;
				CLANG_WARN__DUPLICATE_METHOD_MATCH = YES;
				CODE_SIGN_IDENTITY = "iPhone Developer";
				COPY_PHASE_STRIP = NO;
				DEBUG_INFORMATION_FORMAT = dwarf;
				ENABLE_STRICT_OBJC_MSGSEND = YES;
				ENABLE_TESTABILITY = YES;
				GCC_C_LANGUAGE_STANDARD = gnu11;
				GCC_DYNAMIC_NO_PIC = NO;
				GCC_NO_COMMON_BLOCKS = YES;
				GCC_OPTIMIZATION_LEVEL = 0;
				GCC_PREPROCESSOR_DEFINITIONS = (
					"DEBUG=1",
					"$(inherited)",
				);
				GCC_WARN_64_TO_32_BIT_CONVERSION = YES;
				GCC_WARN_ABOUT_RETURN_TYPE = YES_ERROR;
				GCC_WARN_UNDECLARED_SELECTOR = YES;
				GCC_WARN_UNINITIALIZED_AUTOS = YES_AGGRESSIVE;
				GCC_WARN_UNUSED_FUNCTION = YES;
				GCC_WARN_UNUSED_VARIABLE = YES;
				IPHONEOS_DEPLOYMENT_TARGET = 12.1;
				MTL_ENABLE_DEBUG_INFO = INCLUDE_SOURCE;
				MTL_FAST_MATH = YES;
				ONLY_ACTIVE_ARCH = YES;
				SDKROOT = iphoneos;
				SWIFT_ACTIVE_COMPILATION_CONDITIONS = DEBUG;
				SWIFT_OPTIMIZATION_LEVEL = "-Onone";
			};
			name = Debug;
		};
		A7E5998221BCA8C900007A44 /* Release */ = {
			isa = XCBuildConfiguration;
			buildSettings = {
				ALWAYS_SEARCH_USER_PATHS = NO;
				CLANG_ANALYZER_NONNULL = YES;
				CLANG_ANALYZER_NUMBER_OBJECT_CONVERSION = YES_AGGRESSIVE;
				CLANG_CXX_LANGUAGE_STANDARD = "gnu++14";
				CLANG_CXX_LIBRARY = "libc++";
				CLANG_ENABLE_MODULES = YES;
				CLANG_ENABLE_OBJC_ARC = YES;
				CLANG_ENABLE_OBJC_WEAK = YES;
				CLANG_WARN_BLOCK_CAPTURE_AUTORELEASING = YES;
				CLANG_WARN_BOOL_CONVERSION = YES;
				CLANG_WARN_COMMA = YES;
				CLANG_WARN_CONSTANT_CONVERSION = YES;
				CLANG_WARN_DEPRECATED_OBJC_IMPLEMENTATIONS = YES;
				CLANG_WARN_DIRECT_OBJC_ISA_USAGE = YES_ERROR;
				CLANG_WARN_DOCUMENTATION_COMMENTS = YES;
				CLANG_WARN_EMPTY_BODY = YES;
				CLANG_WARN_ENUM_CONVERSION = YES;
				CLANG_WARN_INFINITE_RECURSION = YES;
				CLANG_WARN_INT_CONVERSION = YES;
				CLANG_WARN_NON_LITERAL_NULL_CONVERSION = YES;
				CLANG_WARN_OBJC_IMPLICIT_RETAIN_SELF = YES;
				CLANG_WARN_OBJC_LITERAL_CONVERSION = YES;
				CLANG_WARN_OBJC_ROOT_CLASS = YES_ERROR;
				CLANG_WARN_RANGE_LOOP_ANALYSIS = YES;
				CLANG_WARN_STRICT_PROTOTYPES = YES;
				CLANG_WARN_SUSPICIOUS_MOVE = YES;
				CLANG_WARN_UNGUARDED_AVAILABILITY = YES_AGGRESSIVE;
				CLANG_WARN_UNREACHABLE_CODE = YES;
				CLANG_WARN__DUPLICATE_METHOD_MATCH = YES;
				CODE_SIGN_IDENTITY = "iPhone Developer";
				COPY_PHASE_STRIP = NO;
				DEBUG_INFORMATION_FORMAT = "dwarf-with-dsym";
				ENABLE_NS_ASSERTIONS = NO;
				ENABLE_STRICT_OBJC_MSGSEND = YES;
				GCC_C_LANGUAGE_STANDARD = gnu11;
				GCC_NO_COMMON_BLOCKS = YES;
				GCC_WARN_64_TO_32_BIT_CONVERSION = YES;
				GCC_WARN_ABOUT_RETURN_TYPE = YES_ERROR;
				GCC_WARN_UNDECLARED_SELECTOR = YES;
				GCC_WARN_UNINITIALIZED_AUTOS = YES_AGGRESSIVE;
				GCC_WARN_UNUSED_FUNCTION = YES;
				GCC_WARN_UNUSED_VARIABLE = YES;
				IPHONEOS_DEPLOYMENT_TARGET = 12.1;
				MTL_ENABLE_DEBUG_INFO = NO;
				MTL_FAST_MATH = YES;
				SDKROOT = iphoneos;
				SWIFT_COMPILATION_MODE = wholemodule;
				SWIFT_OPTIMIZATION_LEVEL = "-O";
				VALIDATE_PRODUCT = YES;
			};
			name = Release;
		};
		A7E5998421BCA8C900007A44 /* Debug */ = {
			isa = XCBuildConfiguration;
			baseConfigurationReference = AB93A555582CCF99A2D36772 /* Pods-PyTextATIS.debug.xcconfig */;
			buildSettings = {
				ASSETCATALOG_COMPILER_APPICON_NAME = AppIcon;
				CODE_SIGN_STYLE = Automatic;
				DEVELOPMENT_TEAM = V9WTTPBFK9;
				INFOPLIST_FILE = PyTextATIS/Info.plist;
				LD_RUNPATH_SEARCH_PATHS = (
					"$(inherited)",
					"@executable_path/Frameworks",
				);
				PRODUCT_BUNDLE_IDENTIFIER = pytext.PyTextATIS;
				PRODUCT_NAME = "$(TARGET_NAME)";
				SWIFT_VERSION = 4.2;
				TARGETED_DEVICE_FAMILY = "1,2";
			};
			name = Debug;
		};
		A7E5998521BCA8C900007A44 /* Release */ = {
			isa = XCBuildConfiguration;
			baseConfigurationReference = 834340BEA38BD691C27A9900 /* Pods-PyTextATIS.release.xcconfig */;
			buildSettings = {
				ASSETCATALOG_COMPILER_APPICON_NAME = AppIcon;
				CODE_SIGN_STYLE = Automatic;
				DEVELOPMENT_TEAM = V9WTTPBFK9;
				INFOPLIST_FILE = PyTextATIS/Info.plist;
				LD_RUNPATH_SEARCH_PATHS = (
					"$(inherited)",
					"@executable_path/Frameworks",
				);
				PRODUCT_BUNDLE_IDENTIFIER = pytext.PyTextATIS;
				PRODUCT_NAME = "$(TARGET_NAME)";
				SWIFT_VERSION = 4.2;
				TARGETED_DEVICE_FAMILY = "1,2";
			};
			name = Release;
		};
/* End XCBuildConfiguration section */

/* Begin XCConfigurationList section */
		A7E5996C21BCA8C800007A44 /* Build configuration list for PBXProject "PyTextATIS" */ = {
			isa = XCConfigurationList;
			buildConfigurations = (
				A7E5998121BCA8C900007A44 /* Debug */,
				A7E5998221BCA8C900007A44 /* Release */,
			);
			defaultConfigurationIsVisible = 0;
			defaultConfigurationName = Release;
		};
		A7E5998321BCA8C900007A44 /* Build configuration list for PBXNativeTarget "PyTextATIS" */ = {
			isa = XCConfigurationList;
			buildConfigurations = (
				A7E5998421BCA8C900007A44 /* Debug */,
				A7E5998521BCA8C900007A44 /* Release */,
			);
			defaultConfigurationIsVisible = 0;
			defaultConfigurationName = Release;
		};
/* End XCConfigurationList section */
	};
	rootObject = A7E5996921BCA8C800007A44 /* Project object */;
}
